dependencies:
- name: postgresql
  repository: oci://registry-1.docker.io/bitnamicharts
  version: 16.7.27
- name: redis
  repository: oci://registry-1.docker.io/bitnamicharts
  version: 20.11.5
digest: sha256:707e1e439274d91c7b67f5ee9244574b4aefa9f10ea919eb85965905a99e819f
generated: "2025-10-11T15:07:56.299809633+11:00"
